
Microsoft Visual Studio Solution File, Format Version 12.00
# Visual Studio 2012
Project("{FAE04EC0-301F-11D3-BF4B-00C04F79EFBC}") = "Trieuttph08908098", "Trieuttph08908098\Trieuttph08908098.csproj", "{205EACE7-459C-482C-BBC7-24FA22B690D8}"
EndProject
Global
	GlobalSection(SolutionConfigurationPlatforms) = preSolution
		Debug|Any CPU = Debug|Any CPU
		Release|Any CPU = Release|Any CPU
	EndGlobalSection
	GlobalSection(ProjectConfigurationPlatforms) = postSolution
		{205EACE7-459C-482C-BBC7-24FA22B690D8}.Debug|Any CPU.ActiveCfg = Debug|Any CPU
		{205EACE7-459C-482C-BBC7-24FA22B690D8}.Debug|Any CPU.Build.0 = Debug|Any CPU
		{205EACE7-459C-482C-BBC7-24FA22B690D8}.Release|Any CPU.ActiveCfg = Release|Any CPU
		{205EACE7-459C-482C-BBC7-24FA22B690D8}.Release|Any CPU.Build.0 = Release|Any CPU
	EndGlobalSection
	GlobalSection(SolutionProperties) = preSolution
		HideSolutionNode = FALSE
	EndGlobalSection
EndGlobal
